
Microsoft Visual Studio Solution File, Format Version 12.00
Project("{FAE04EC0-301F-11D3-BF4B-00C04F79EFBC}") = "Tablice", "Tablice\Tablice.csproj", "{9075B34F-0240-450A-9E52-9B1990BAE9EC}"
EndProject
Global
	GlobalSection(SolutionConfigurationPlatforms) = preSolution
		Debug|Any CPU = Debug|Any CPU
		Release|Any CPU = Release|Any CPU
	EndGlobalSection
	GlobalSection(ProjectConfigurationPlatforms) = postSolution
		{9075B34F-0240-450A-9E52-9B1990BAE9EC}.Debug|Any CPU.ActiveCfg = Debug|Any CPU
		{9075B34F-0240-450A-9E52-9B1990BAE9EC}.Debug|Any CPU.Build.0 = Debug|Any CPU
		{9075B34F-0240-450A-9E52-9B1990BAE9EC}.Release|Any CPU.ActiveCfg = Release|Any CPU
		{9075B34F-0240-450A-9E52-9B1990BAE9EC}.Release|Any CPU.Build.0 = Release|Any CPU
	EndGlobalSection
EndGlobal
